{
  "name": "renzyu",
  "version": "1.0.0",
  "lockfileVersion": 3,
  "requires": true,
  "packages": {
    "": {
      "name": "renzyu",
      "version": "1.0.0",
      "dependencies": {
        "jquery": "3.7.1",
        "knockout": "3.5.3",
        "signalr": "2.4.3"
      }
    },
    "node_modules/jquery": {
      "version": "3.7.1",
      "resolved": "https://registry.npmjs.org/jquery/-/jquery-3.7.1.tgz",
      "integrity": "sha512-m4avr8yL8kmFN8psrbFFFmB/If14iN5o9nw/NgnnM+kybDJpRsAynV2BsfpTYrTRysYUdADVD7CkUUizgkpLfg==",
      "license": "MIT"
    },
    "node_modules/knockout": {
      "version": "3.5.3",
      "resolved": "https://registry.npmjs.org/knockout/-/knockout-3.5.3.tgz",
      "integrity": "sha512-6iPv8M/xDPYfsiKyEyIPcSYBt8L+FZoJS/frLT8Nq3n9kMvP+WZ6ZPehYZV5c22Qc64Ie7unmTqYqgSdCB1Taw==",
      "license": "MIT"
    },
    "node_modules/signalr": {
      "version": "2.4.3",
      "resolved": "https://registry.npmjs.org/signalr/-/signalr-2.4.3.tgz",
      "integrity": "sha512-RbBKFVCZvDgyyxZDeu6Yck9T+diZO07GB0bDiKondUhBY1H8JRQSOq8R0pLkf47ddllQAssYlp7ckQAeom24mw==",
      "license": "Apache-2.0",
      "dependencies": {
        "jquery": ">=1.6.4"
      }
    }
  }
}
