Microsoft Visual Studio Solution File, Format Version 12.00
# Visual Studio Version 17
VisualStudioVersion = 17.0.31903.59
MinimumVisualStudioVersion = 10.0.40219.1
Project("{FAE04EC0-301F-11D3-BF4B-00C04F79EFBC}") = "Host", "Host\Host.csproj", "{F2555302-E654-4BFA-AD47-FEEACED11DBD}"
EndProject
Project("{FAE04EC0-301F-11D3-BF4B-00C04F79EFBC}") = "Host.Tests", "Host.Tests\Host.Tests.csproj", "{5AEF92E1-6C6C-4A6D-9A4F-7441C3B91874}"
EndProject
Global
	GlobalSection(SolutionConfigurationPlatforms) = preSolution
		Debug|Any CPU = Debug|Any CPU
		Release|Any CPU = Release|Any CPU
	EndGlobalSection
	GlobalSection(ProjectConfigurationPlatforms) = postSolution
		{F2555302-E654-4BFA-AD47-FEEACED11DBD}.Debug|Any CPU.ActiveCfg = Debug|Any CPU
		{F2555302-E654-4BFA-AD47-FEEACED11DBD}.Debug|Any CPU.Build.0 = Debug|Any CPU
		{F2555302-E654-4BFA-AD47-FEEACED11DBD}.Release|Any CPU.ActiveCfg = Release|Any CPU
		{F2555302-E654-4BFA-AD47-FEEACED11DBD}.Release|Any CPU.Build.0 = Release|Any CPU
		{5AEF92E1-6C6C-4A6D-9A4F-7441C3B91874}.Debug|Any CPU.ActiveCfg = Debug|Any CPU
		{5AEF92E1-6C6C-4A6D-9A4F-7441C3B91874}.Debug|Any CPU.Build.0 = Debug|Any CPU
		{5AEF92E1-6C6C-4A6D-9A4F-7441C3B91874}.Release|Any CPU.ActiveCfg = Release|Any CPU
		{5AEF92E1-6C6C-4A6D-9A4F-7441C3B91874}.Release|Any CPU.Build.0 = Release|Any CPU
	EndGlobalSection
	GlobalSection(SolutionProperties) = preSolution
		HideSolutionNode = FALSE
	EndGlobalSection
EndGlobal
