{
  "version": 1,
  "dependencies": {
    ".NETFramework,Version=v4.8": {
      "MSTest.TestAdapter": {
        "type": "Direct",
        "requested": "[4.3.0, )",
        "resolved": "4.3.0",
        "contentHash": "lJiqBscyRAUawzwnzEAZpDAqG8HaRi6a6YNQ1CcfEEYLZksoj0KUySaVWNbgEp/j0pvEe5hJRdJAu1jqJEQoJA==",
        "dependencies": {
          "MSTest.TestFramework": "4.3.0",
          "Microsoft.Testing.Extensions.VSTestBridge": "2.3.1",
          "Microsoft.Testing.Platform.MSBuild": "2.3.1",
          "System.Memory": "4.6.3",
          "System.Threading.Tasks.Extensions": "4.5.4"
        }
      },
      "MSTest.TestFramework": {
        "type": "Direct",
        "requested": "[4.3.0, )",
        "resolved": "4.3.0",
        "contentHash": "5g6Bx47jdzsHt0Kf9u9W8z/8ZWixGz2BvO+FVmoLht0yW24Ac9djZ+mvgTqdM9YXdS948ywM8eOtVhRyPio7aw==",
        "dependencies": {
          "MSTest.Analyzers": "4.3.0"
        }
      },
      "Antlr": {
        "type": "Transitive",
        "resolved": "3.4.1.9004",
        "contentHash": "c1S+HBE+KYA5EBxtn25LEK02hHPH/tDQ6RviUTTCJpZIPoputtn8ArsQJy9lVJWZOnw37ufByO2Fmf1M8wpr8Q=="
      },
      "Microsoft.ApplicationInsights": {
        "type": "Transitive",
        "resolved": "2.23.0",
        "contentHash": "nWArUZTdU7iqZLycLKWe0TDms48KKGE6pONH2terYNa8REXiqixrMOkf1sk5DHGMaUTqONU2YkS4SAXBhLStgw==",
        "dependencies": {
          "System.Diagnostics.DiagnosticSource": "5.0.0"
        }
      },
      "Microsoft.AspNet.Mvc": {
        "type": "Transitive",
        "resolved": "5.3.0",
        "contentHash": "Q1LcXRqTPmbXJAdf45PsxI6JYnCQP4vBfPCgDFd4dYf8ojxFTo4PH333PC4TzbOqRHxrUWGwgBdcR5T2jNwpHQ==",
        "dependencies": {
          "Microsoft.AspNet.Razor": "3.3.0",
          "Microsoft.AspNet.WebPages": "3.3.0"
        }
      },
      "Microsoft.AspNet.Razor": {
        "type": "Transitive",
        "resolved": "3.3.0",
        "contentHash": "5vJ0UKE/n381qcaKwFHxCwzb/YVuHzrm155iTgQhiv7+xdg2PE+54u+NPqu6C9AeRVOiwbh8/EOZwD16bLvWkg=="
      },
      "Microsoft.AspNet.SignalR.Core": {
        "type": "Transitive",
        "resolved": "2.4.3",
        "contentHash": "zxvv9HhsUa3nfyC7rIwFxHVcGffyQrjqNUO6pBKLyv3eFigkEy3N+6KbbSedzIyCfthglTbvU+m4sg8tawRlvA==",
        "dependencies": {
          "Microsoft.Owin.Security": "2.1.0",
          "Newtonsoft.Json": "6.0.4"
        }
      },
      "Microsoft.AspNet.SignalR.SystemWeb": {
        "type": "Transitive",
        "resolved": "2.4.3",
        "contentHash": "N4xjSEDTfZ3TRm0xAZIiRIYSGJjMED1ukZKTmpP9MLZ0B6Wu/xrReT1hSpTPf0O8ZR+1pFfmjdDTtAA+OpTmcA==",
        "dependencies": {
          "Microsoft.AspNet.SignalR.Core": "2.4.3",
          "Microsoft.Owin.Host.SystemWeb": "2.1.0"
        }
      },
      "Microsoft.AspNet.Web.Optimization": {
        "type": "Transitive",
        "resolved": "1.1.3",
        "contentHash": "TWKKpTWEdB8jXp2Vl2TXNKW30GBQg6nnh0y8iZWmGY5c1XY4f649vfDslNHsCsvk9JZxc1Rkm/UGDdfq4gjWRQ==",
        "dependencies": {
          "Microsoft.Web.Infrastructure": "1.0.0",
          "WebGrease": "1.5.2"
        }
      },
      "Microsoft.AspNet.WebApi.Client": {
        "type": "Transitive",
        "resolved": "6.0.0",
        "contentHash": "zXeWP03dTo67AoDHUzR+/urck0KFssdCKOC+dq7Nv1V2YbFh/nIg09L0/3wSvyRONEdwxGB/ssEGmPNIIhAcAw==",
        "dependencies": {
          "Newtonsoft.Json": "13.0.1",
          "Newtonsoft.Json.Bson": "1.0.2",
          "System.Memory": "4.5.5",
          "System.Threading.Tasks.Extensions": "4.5.4"
        }
      },
      "Microsoft.AspNet.WebApi.Core": {
        "type": "Transitive",
        "resolved": "5.3.0",
        "contentHash": "h0oLsUFPgoB1R+6ichy1bniAs4oC6w6XrPsEgn+LuQBxBGskN0djSOSX7hzL8LTFEZUTdsh/3ShjRu1Mb2QRfw==",
        "dependencies": {
          "Microsoft.AspNet.WebApi.Client": "6.0.0"
        }
      },
      "Microsoft.AspNet.WebApi.WebHost": {
        "type": "Transitive",
        "resolved": "5.3.0",
        "contentHash": "8eE0saCz7qWVwEBd/1vwycROmD8+UTbnw9aJmBAMVbn/Sh8lTDvDMOHt2NjrdmsZTLXELhAIbXg3Ffhy2u63mA==",
        "dependencies": {
          "Microsoft.AspNet.WebApi.Core": "5.3.0"
        }
      },
      "Microsoft.AspNet.WebPages": {
        "type": "Transitive",
        "resolved": "3.3.0",
        "contentHash": "2ATJrA8KNx2EpBWNjwy4P+NjQ06cZWjYsTZ5NqGNIHaU/i3NKmtpoaE90NGmVRaKF5rryGfADnvPQ56f61OuWg==",
        "dependencies": {
          "Microsoft.AspNet.Razor": "3.3.0",
          "Microsoft.Web.Infrastructure": "1.0.0"
        }
      },
      "Microsoft.Owin": {
        "type": "Transitive",
        "resolved": "2.1.0",
        "contentHash": "lk0kK64mlmcmtWX8YOYkZsnZKDoGEzMZhe8e1bcP+FFcgD4f2QfKwvu5Z8Bh8WS0VO7Rgk+DJ0hwW0k+S/UGMg==",
        "dependencies": {
          "Owin": "1.0.0"
        }
      },
      "Microsoft.Owin.Host.SystemWeb": {
        "type": "Transitive",
        "resolved": "2.1.0",
        "contentHash": "S+YOPgtQuXlKGh1OZCVzvmz++2ibNeACzDlMpeXFN1QBUf9l+gstfV0f5hTbhmkDBE8LrSCBWu+9Rrte+ivNhg==",
        "dependencies": {
          "Microsoft.Owin": "2.1.0",
          "Owin": "1.0.0"
        }
      },
      "Microsoft.Owin.Security": {
        "type": "Transitive",
        "resolved": "2.1.0",
        "contentHash": "4n1V0p+O6W1L0xHUM8Cjp2Y+MmmUkiCZv6PvRNIDCJD9zlerBJa2HECo9lUiWC+KuasQJ3QxB1FmipNBxdXXIQ==",
        "dependencies": {
          "Microsoft.Owin": "2.1.0",
          "Owin": "1.0.0"
        }
      },
      "Microsoft.Testing.Extensions.Telemetry": {
        "type": "Transitive",
        "resolved": "2.3.1",
        "contentHash": "SrlzgK9X4YM2No6LqXJg7ZPC0UNgjiy+wTwb3OhiSYfuNjQWJXGyL+iWtKOqHwJ/C1eGmyz7Cqs5WOE1Cp191g==",
        "dependencies": {
          "Microsoft.ApplicationInsights": "2.23.0",
          "Microsoft.Testing.Platform": "2.3.1",
          "System.Diagnostics.DiagnosticSource": "6.0.0"
        }
      },
      "Microsoft.Testing.Extensions.TrxReport.Abstractions": {
        "type": "Transitive",
        "resolved": "2.3.1",
        "contentHash": "RpMkMST/uzU3UMGMtqu5PjXk7mg4pyHLKP0tCdpt6fIqWvAsO7Vp34eA6bwdgtlQZMBCXZMlFiavGIxTGAOfHA==",
        "dependencies": {
          "Microsoft.Testing.Platform": "2.3.1"
        }
      },
      "Microsoft.Testing.Extensions.VSTestBridge": {
        "type": "Transitive",
        "resolved": "2.3.1",
        "contentHash": "dpimiGO3U5DZIw1YX9kSywVWRaBy38m8PalCo9z1oHkufFUdKD3XT6WDYyC8tZpqXKFUKJhrKoVrZtMS8gdgPw==",
        "dependencies": {
          "Microsoft.TestPlatform.ObjectModel": "18.4.0",
          "Microsoft.Testing.Extensions.Telemetry": "2.3.1",
          "Microsoft.Testing.Extensions.TrxReport.Abstractions": "2.3.1",
          "Microsoft.Testing.Platform": "2.3.1"
        }
      },
      "Microsoft.Testing.Platform": {
        "type": "Transitive",
        "resolved": "2.3.1",
        "contentHash": "sZlgL8zvquO/uOMFK9YdovHzfnI/MPNXvakTPskKzRB3CQp9Yzdqs9ZFew7STlNzib9X/twjezdSPW4CE9YjIQ=="
      },
      "Microsoft.Testing.Platform.MSBuild": {
        "type": "Transitive",
        "resolved": "2.3.1",
        "contentHash": "ikKS89MaM4gWwBr+ApcV2vy55v0kauOpBFqY7Mh0LCcLtiNlFsumZmjOc4BPt+msJhDf83o03/kuucVtepb55w==",
        "dependencies": {
          "Microsoft.Testing.Platform": "2.3.1"
        }
      },
      "Microsoft.TestPlatform.ObjectModel": {
        "type": "Transitive",
        "resolved": "18.4.0",
        "contentHash": "4L6m2kS2pY5uJ9cpeRxzW22opr6ttScIRqsOpMDQpgENp/ZwxkkQCcmc6LRSURo2dFaaSW5KVflQZvroiJ7Wzg==",
        "dependencies": {
          "System.Reflection.Metadata": "8.0.0"
        }
      },
      "Microsoft.Web.Infrastructure": {
        "type": "Transitive",
        "resolved": "1.0.0",
        "contentHash": "FNmvLn5m2LTU/Rs2KWVo0SIIh9Ek+U0ojex7xeDaSHw/zgEP77A8vY5cVWgUtBGS8MJfDGNn8rpXJWEIQaPwTg=="
      },
      "MSTest.Analyzers": {
        "type": "Transitive",
        "resolved": "4.3.0",
        "contentHash": "Od+0h98vkWxsDKwk3N7RfS4SHOq2D4imLeCcs5YO2+g8ZsO2+QhymVg7HDoB81J3zA1UEj09PNBdNBGAdNUMNg=="
      },
      "Newtonsoft.Json": {
        "type": "Transitive",
        "resolved": "13.0.3",
        "contentHash": "HrC5BXdl00IP9zeV+0Z848QWPAoCr9P3bDEZguI+gkLcBKAOxix/tLEAAHC+UvDNPv4a2d18lOReHMOagPa+zQ=="
      },
      "Newtonsoft.Json.Bson": {
        "type": "Transitive",
        "resolved": "1.0.2",
        "contentHash": "QYFyxhaABwmq3p/21VrZNYvCg3DaEoN/wUuw5nmfAf0X3HLjgupwhkEWdgfb9nvGAUIv3osmZoD3kKl4jxEmYQ==",
        "dependencies": {
          "Newtonsoft.Json": "12.0.1"
        }
      },
      "Owin": {
        "type": "Transitive",
        "resolved": "1.0.0",
        "contentHash": "OseTFniKmyp76mEzOBwIKGBRS5eMoYNkMKaMXOpxx9jv88+b6mh1rSaw43vjBOItNhaLFG3d0a20PfHyibH5sw=="
      },
      "System.Buffers": {
        "type": "Transitive",
        "resolved": "4.6.1",
        "contentHash": "N8GXpmiLMtljq7gwvyS+1QvKT/W2J8sNAvx+HVg4NGmsG/H+2k/y9QI23auLJRterrzCiDH+IWAw4V/GPwsMlw=="
      },
      "System.Collections.Immutable": {
        "type": "Transitive",
        "resolved": "8.0.0",
        "contentHash": "AurL6Y5BA1WotzlEvVaIDpqzpIPvYnnldxru8oXJU2yFxFUy3+pNXjXd1ymO+RA0rq0+590Q8gaz2l3Sr7fmqg==",
        "dependencies": {
          "System.Memory": "4.5.5",
          "System.Runtime.CompilerServices.Unsafe": "6.0.0"
        }
      },
      "System.Diagnostics.DiagnosticSource": {
        "type": "Transitive",
        "resolved": "6.0.0",
        "contentHash": "frQDfv0rl209cKm1lnwTgFPzNigy2EKk1BS3uAvHvlBVKe5cymGyHO+Sj+NLv5VF/AhHsqPIUUwya5oV4CHMUw==",
        "dependencies": {
          "System.Memory": "4.5.4",
          "System.Runtime.CompilerServices.Unsafe": "6.0.0"
        }
      },
      "System.Memory": {
        "type": "Transitive",
        "resolved": "4.6.3",
        "contentHash": "qdcDOgnFZY40+Q9876JUHnlHu7bosOHX8XISRoH94fwk6hgaeQGSgfZd8srWRZNt5bV9ZW2TljcegDNxsf+96A==",
        "dependencies": {
          "System.Buffers": "4.6.1",
          "System.Numerics.Vectors": "4.6.1",
          "System.Runtime.CompilerServices.Unsafe": "6.1.2"
        }
      },
      "System.Numerics.Vectors": {
        "type": "Transitive",
        "resolved": "4.6.1",
        "contentHash": "sQxefTnhagrhoq2ReR0D/6K0zJcr9Hrd6kikeXsA1I8kOCboTavcUC4r7TSfpKFeE163uMuxZcyfO1mGO3EN8Q=="
      },
      "System.Reflection.Metadata": {
        "type": "Transitive",
        "resolved": "8.0.0",
        "contentHash": "ptvgrFh7PvWI8bcVqG5rsA/weWM09EnthFHR5SCnS6IN+P4mj6rE1lBDC4U8HL9/57htKAqy4KQ3bBj84cfYyQ==",
        "dependencies": {
          "System.Collections.Immutable": "8.0.0",
          "System.Memory": "4.5.5"
        }
      },
      "System.Runtime.CompilerServices.Unsafe": {
        "type": "Transitive",
        "resolved": "6.1.2",
        "contentHash": "2hBr6zdbIBTDE3EhK7NSVNdX58uTK6iHW/P/Axmm9sl1xoGSLqDvMtpecn226TNwHByFokYwJmt/aQQNlO5CRw=="
      },
      "System.Threading.Tasks.Extensions": {
        "type": "Transitive",
        "resolved": "4.5.4",
        "contentHash": "zteT+G8xuGu6mS+mzDzYXbzS7rd3K6Fjb9RiZlYlJPam2/hU7JCBZBVEcywNuR+oZ1ncTvc/cq0faRr3P01OVg==",
        "dependencies": {
          "System.Runtime.CompilerServices.Unsafe": "4.5.3"
        }
      },
      "WebGrease": {
        "type": "Transitive",
        "resolved": "1.5.2",
        "contentHash": "VoyDSOOugLx3q5IyOgEcjeYZQOqV9VWZQT57UtN4szlYhAmOcEjVfKWXbtRqBuX43pgyL9E7nMSIPoryC8Cu1Q==",
        "dependencies": {
          "Antlr": "3.4.1.9004",
          "Newtonsoft.Json": "5.0.4"
        }
      },
      "host": {
        "type": "Project",
        "dependencies": {
          "Microsoft.AspNet.Mvc": "[5.3.0, )",
          "Microsoft.AspNet.SignalR.SystemWeb": "[2.4.3, )",
          "Microsoft.AspNet.Web.Optimization": "[1.1.3, )",
          "Microsoft.AspNet.WebApi.WebHost": "[5.3.0, )",
          "Newtonsoft.Json": "[13.0.3, )"
        }
      }
    },
    ".NETFramework,Version=v4.8/win": {},
    ".NETFramework,Version=v4.8/win-x64": {},
    ".NETFramework,Version=v4.8/win-x86": {}
  }
}